
Microsoft Visual Studio Solution File, Format Version 12.00
# Visual Studio Version 16
VisualStudioVersion = 16.0.31025.194
MinimumVisualStudioVersion = 10.0.40219.1
Project("{FAE04EC0-301F-11D3-BF4B-00C04F79EFBC}") = "WordCompleter", "WordCompleter\WordCompleter.csproj", "{5E3581F6-D57D-49D4-8473-F57DBC148BC2}"
EndProject
Global
	GlobalSection(SolutionConfigurationPlatforms) = preSolution
		Debug|Any CPU = Debug|Any CPU
		Release|Any CPU = Release|Any CPU
	EndGlobalSection
	GlobalSection(ProjectConfigurationPlatforms) = postSolution
		{5E3581F6-D57D-49D4-8473-F57DBC148BC2}.Debug|Any CPU.ActiveCfg = Debug|Any CPU
		{5E3581F6-D57D-49D4-8473-F57DBC148BC2}.Debug|Any CPU.Build.0 = Debug|Any CPU
		{5E3581F6-D57D-49D4-8473-F57DBC148BC2}.Release|Any CPU.ActiveCfg = Release|Any CPU
		{5E3581F6-D57D-49D4-8473-F57DBC148BC2}.Release|Any CPU.Build.0 = Release|Any CPU
	EndGlobalSection
	GlobalSection(SolutionProperties) = preSolution
		HideSolutionNode = FALSE
	EndGlobalSection
	GlobalSection(ExtensibilityGlobals) = postSolution
		SolutionGuid = {A570C05B-9AD8-44BF-9E05-8D71F613074D}
	EndGlobalSection
EndGlobal
